
Microsoft Visual Studio Solution File, Format Version 12.00
# Visual Studio 15
VisualStudioVersion = 15.0.26730.16
MinimumVisualStudioVersion = 10.0.40219.1
Project("{FAE04EC0-301F-11D3-BF4B-00C04F79EFBC}") = "WebApplication1", "WebApplication1\WebApplication1.csproj", "{EE752716-FA5E-4A55-861E-0CB26D1FB21A}"
EndProject
Global
	GlobalSection(SolutionConfigurationPlatforms) = preSolution
		Debug|Any CPU = Debug|Any CPU
		Release|Any CPU = Release|Any CPU
	EndGlobalSection
	GlobalSection(ProjectConfigurationPlatforms) = postSolution
		{EE752716-FA5E-4A55-861E-0CB26D1FB21A}.Debug|Any CPU.ActiveCfg = Debug|Any CPU
		{EE752716-FA5E-4A55-861E-0CB26D1FB21A}.Debug|Any CPU.Build.0 = Debug|Any CPU
		{EE752716-FA5E-4A55-861E-0CB26D1FB21A}.Release|Any CPU.ActiveCfg = Release|Any CPU
		{EE752716-FA5E-4A55-861E-0CB26D1FB21A}.Release|Any CPU.Build.0 = Release|Any CPU
	EndGlobalSection
	GlobalSection(SolutionProperties) = preSolution
		HideSolutionNode = FALSE
	EndGlobalSection
	GlobalSection(ExtensibilityGlobals) = postSolution
		SolutionGuid = {128B0E20-6A38-4E4F-B72A-5CBC6BE44A8F}
	EndGlobalSection
EndGlobal
