
Microsoft Visual Studio Solution File, Format Version 12.00
# Visual Studio 15
VisualStudioVersion = 15.0.26730.16
MinimumVisualStudioVersion = 10.0.40219.1
Project("{9A19103F-16F7-4668-BE54-9A1E7A4F7556}") = "FamilyArchive.Application", "FamilyArchive.Application\FamilyArchive.Application.csproj", "{2EF69FA5-AF86-49EA-AD4F-780E70812022}"
EndProject
Project("{9A19103F-16F7-4668-BE54-9A1E7A4F7556}") = "FamilyArchive.Model", "FamilyArchive.Model\FamilyArchive.Model.csproj", "{3A49293B-6C4D-4CDC-A8ED-0E66759B39C4}"
EndProject
Project("{9A19103F-16F7-4668-BE54-9A1E7A4F7556}") = "FamilyArchive.Data", "FamilyArchive.Data\FamilyArchive.Data.csproj", "{C9EB2357-B9FD-420F-8A6B-D41725A7A0E8}"
EndProject
Project("{FAE04EC0-301F-11D3-BF4B-00C04F79EFBC}") = "FamilyArchive.Service", "FamilyArchive.Service\FamilyArchive.Service.csproj", "{DC71F98F-D83F-4D57-A2CA-A4A45F1D13D4}"
EndProject
Global
	GlobalSection(SolutionConfigurationPlatforms) = preSolution
		Debug|Any CPU = Debug|Any CPU
		Release|Any CPU = Release|Any CPU
	EndGlobalSection
	GlobalSection(ProjectConfigurationPlatforms) = postSolution
		{2EF69FA5-AF86-49EA-AD4F-780E70812022}.Debug|Any CPU.ActiveCfg = Debug|Any CPU
		{2EF69FA5-AF86-49EA-AD4F-780E70812022}.Debug|Any CPU.Build.0 = Debug|Any CPU
		{2EF69FA5-AF86-49EA-AD4F-780E70812022}.Release|Any CPU.ActiveCfg = Release|Any CPU
		{2EF69FA5-AF86-49EA-AD4F-780E70812022}.Release|Any CPU.Build.0 = Release|Any CPU
		{3A49293B-6C4D-4CDC-A8ED-0E66759B39C4}.Debug|Any CPU.ActiveCfg = Debug|Any CPU
		{3A49293B-6C4D-4CDC-A8ED-0E66759B39C4}.Debug|Any CPU.Build.0 = Debug|Any CPU
		{3A49293B-6C4D-4CDC-A8ED-0E66759B39C4}.Release|Any CPU.ActiveCfg = Release|Any CPU
		{3A49293B-6C4D-4CDC-A8ED-0E66759B39C4}.Release|Any CPU.Build.0 = Release|Any CPU
		{C9EB2357-B9FD-420F-8A6B-D41725A7A0E8}.Debug|Any CPU.ActiveCfg = Debug|Any CPU
		{C9EB2357-B9FD-420F-8A6B-D41725A7A0E8}.Debug|Any CPU.Build.0 = Debug|Any CPU
		{C9EB2357-B9FD-420F-8A6B-D41725A7A0E8}.Release|Any CPU.ActiveCfg = Release|Any CPU
		{C9EB2357-B9FD-420F-8A6B-D41725A7A0E8}.Release|Any CPU.Build.0 = Release|Any CPU
		{DC71F98F-D83F-4D57-A2CA-A4A45F1D13D4}.Debug|Any CPU.ActiveCfg = Debug|Any CPU
		{DC71F98F-D83F-4D57-A2CA-A4A45F1D13D4}.Debug|Any CPU.Build.0 = Debug|Any CPU
		{DC71F98F-D83F-4D57-A2CA-A4A45F1D13D4}.Release|Any CPU.ActiveCfg = Release|Any CPU
		{DC71F98F-D83F-4D57-A2CA-A4A45F1D13D4}.Release|Any CPU.Build.0 = Release|Any CPU
	EndGlobalSection
	GlobalSection(SolutionProperties) = preSolution
		HideSolutionNode = FALSE
	EndGlobalSection
	GlobalSection(ExtensibilityGlobals) = postSolution
		SolutionGuid = {128B0E20-6A38-4E4F-B72A-5CBC6BE44A8F}
	EndGlobalSection
EndGlobal
